
Microsoft Visual Studio Solution File, Format Version 12.00
# Visual Studio Version 16
VisualStudioVersion = 16.0.31129.286
MinimumVisualStudioVersion = 10.0.40219.1
Project("{8BC9CEB8-8B4A-11D0-8D11-00A0C91BC942}") = "クライアント", "クライアント\クライアント.vcxproj", "{B9DDA19C-09A4-41BD-915D-B89738B6AC5B}"
EndProject
Global
	GlobalSection(SolutionConfigurationPlatforms) = preSolution
		Debug|x64 = Debug|x64
		Debug|x86 = Debug|x86
		Release|x64 = Release|x64
		Release|x86 = Release|x86
	EndGlobalSection
	GlobalSection(ProjectConfigurationPlatforms) = postSolution
		{B9DDA19C-09A4-41BD-915D-B89738B6AC5B}.Debug|x64.ActiveCfg = Debug|x64
		{B9DDA19C-09A4-41BD-915D-B89738B6AC5B}.Debug|x64.Build.0 = Debug|x64
		{B9DDA19C-09A4-41BD-915D-B89738B6AC5B}.Debug|x86.ActiveCfg = Debug|Win32
		{B9DDA19C-09A4-41BD-915D-B89738B6AC5B}.Debug|x86.Build.0 = Debug|Win32
		{B9DDA19C-09A4-41BD-915D-B89738B6AC5B}.Release|x64.ActiveCfg = Release|x64
		{B9DDA19C-09A4-41BD-915D-B89738B6AC5B}.Release|x64.Build.0 = Release|x64
		{B9DDA19C-09A4-41BD-915D-B89738B6AC5B}.Release|x86.ActiveCfg = Release|Win32
		{B9DDA19C-09A4-41BD-915D-B89738B6AC5B}.Release|x86.Build.0 = Release|Win32
	EndGlobalSection
	GlobalSection(SolutionProperties) = preSolution
		HideSolutionNode = FALSE
	EndGlobalSection
	GlobalSection(ExtensibilityGlobals) = postSolution
		SolutionGuid = {CEC27F87-B73F-4970-9F28-917F7E52B7CE}
	EndGlobalSection
EndGlobal
